
Microsoft Visual Studio Solution File, Format Version 12.00
# Visual Studio Version 17
VisualStudioVersion = 17.3.32929.385
MinimumVisualStudioVersion = 10.0.40219.1
Project("{FAE04EC0-301F-11D3-BF4B-00C04F79EFBC}") = "Task1", "Task1\Task1.csproj", "{C6679B0C-2AC9-4CDB-9FED-6F7FEA49AE96}"
EndProject
Global
	GlobalSection(SolutionConfigurationPlatforms) = preSolution
		Debug|Any CPU = Debug|Any CPU
		Release|Any CPU = Release|Any CPU
	EndGlobalSection
	GlobalSection(ProjectConfigurationPlatforms) = postSolution
		{C6679B0C-2AC9-4CDB-9FED-6F7FEA49AE96}.Debug|Any CPU.ActiveCfg = Debug|Any CPU
		{C6679B0C-2AC9-4CDB-9FED-6F7FEA49AE96}.Debug|Any CPU.Build.0 = Debug|Any CPU
		{C6679B0C-2AC9-4CDB-9FED-6F7FEA49AE96}.Release|Any CPU.ActiveCfg = Release|Any CPU
		{C6679B0C-2AC9-4CDB-9FED-6F7FEA49AE96}.Release|Any CPU.Build.0 = Release|Any CPU
	EndGlobalSection
	GlobalSection(SolutionProperties) = preSolution
		HideSolutionNode = FALSE
	EndGlobalSection
	GlobalSection(ExtensibilityGlobals) = postSolution
		SolutionGuid = {8EDBB28F-22A7-4BF6-9524-33D32E761117}
	EndGlobalSection
EndGlobal
